# This file is autogenerated, do not edit; changes may be undone by the next 'dep ensure'.


[[projects]]
  name = "github.com/asaskevich/govalidator"
  packages = ["."]
  revision = "521b25f4b05fd26bec69d9dedeb8f9c9a83939a8"
  version = "v8"

[[projects]]
  name = "github.com/gorilla/context"
  packages = ["."]
  revision = "1ea25387ff6f684839d82767c1733ff4d4d15d0a"
  version = "v1.1"

[[projects]]
  name = "github.com/gorilla/mux"
  packages = ["."]
  revision = "7f08801859139f86dfafd1c296e2cba9a80d292e"
  version = "v1.6.0"

[[projects]]
  name = "github.com/jinzhu/gorm"
  packages = [".","dialects/postgres"]
  revision = "0a51f6cdc55d1650d9ed3b4c13026cfa9133b01e"

[[projects]]
  branch = "master"
  name = "github.com/jinzhu/inflection"
  packages = ["."]
  revision = "1c35d901db3da928c72a72d8458480cc9ade058f"

[[projects]]
  branch = "master"
  name = "github.com/lib/pq"
  packages = [".","hstore","oid"]
  revision = "8c6ee72f3e6bcb1542298dd5f76cb74af9742cec"

[[projects]]
  branch = "master"
  name = "github.com/sec51/convert"
  packages = [".","bigendian","smallendian"]
  revision = "8ed1f399b5e0a9a9620c74cfd5aec3682d8328ab"

[[projects]]
  branch = "master"
  name = "github.com/sec51/cryptoengine"
  packages = ["."]
  revision = "11617a465c082a1e82359b3c059f018f8dcbfc93"

[[projects]]
  branch = "master"
  name = "github.com/sec51/gf256"
  packages = ["."]
  revision = "2454accbeb9e6b0e2e53b01e1d641c7157251ed4"

[[projects]]
  branch = "master"
  name = "github.com/sec51/qrcode"
  packages = [".","coding"]
  revision = "b7779abbcaf1ec4de65f586a85fe24db31d45e7c"

[[projects]]
  name = "github.com/sec51/twofactor"
  packages = ["."]
  revision = "d22311dbf16eee1f70cf1342345cf36e976a70b7"

[[projects]]
  name = "github.com/shopspring/decimal"
  packages = ["."]
  revision = "9ca7f51822d222ae4e246f070f9aad863599bd1a"

[[projects]]
  name = "github.com/sirupsen/logrus"
  packages = ["."]
  revision = "f006c2ac4710855cf0f916dd6b77acf6b048dc6e"
  version = "v1.0.3"

[[projects]]
  branch = "master"
  name = "golang.org/x/crypto"
  packages = ["curve25519","hkdf","nacl/box","nacl/secretbox","poly1305","salsa20/salsa","ssh/terminal"]
  revision = "9f005a07e0d31d45e6656d241bb5c0f2efd4bc94"

[[projects]]
  branch = "master"
  name = "golang.org/x/sys"
  packages = ["unix","windows"]
  revision = "0ac51a24ef1c37380f98ba8b98f56e3bffd59850"

[solve-meta]
  analyzer-name = "dep"
  analyzer-version = 1
  inputs-digest = "246881fb91a793c219d1ffb7a3154281148ea37b38fdd4b061e6a4ab19ba30d0"
  solver-name = "gps-cdcl"
  solver-version = 1
